// !$*UTF8*$!
{
	archiveVersion = 1;
	classes = {
	};
	objectVersion = 46;
	objects = {

/* Begin PBXBuildFile section */
		5B94909D1647D695009E1020 /* homework0.1 in CopyFiles */ = {isa = PBXBuildFile; fileRef = 5B94909C1647D695009E1020 /* homework0.1 */; };
		5B9490B11647D7A1009E1020 /* libfreeimage.a in Frameworks */ = {isa = PBXBuildFile; fileRef = 5B9490AC1647D7A1009E1020 /* libfreeimage.a */; };
		5B9490B21647D7A2009E1020 /* libGLEW.a in Frameworks */ = {isa = PBXBuildFile; fileRef = 5B9490AD1647D7A1009E1020 /* libGLEW.a */; };
		5B9490B31647D7A2009E1020 /* main.cpp in Sources */ = {isa = PBXBuildFile; fileRef = 5B9490AE1647D7A1009E1020 /* main.cpp */; };
		5B9490B41647D7A2009E1020 /* shaders.cpp in Sources */ = {isa = PBXBuildFile; fileRef = 5B9490AF1647D7A1009E1020 /* shaders.cpp */; };
		5B9490B61647DE73009E1020 /* OpenGL.framework in Frameworks */ = {isa = PBXBuildFile; fileRef = 5B9490B51647DE73009E1020 /* OpenGL.framework */; };
		5B9490BD1647DFDA009E1020 /* GLUT.framework in Frameworks */ = {isa = PBXBuildFile; fileRef = 5B9490B71647DE77009E1020 /* GLUT.framework */; };
		5B9490BF1647E002009E1020 /* libstdc++.6.0.9.dylib in Frameworks */ = {isa = PBXBuildFile; fileRef = 5B9490BE1647E002009E1020 /* libstdc++.6.0.9.dylib */; };
		5BF055D01647E1F500139213 /* light.frag.glsl in CopyFiles */ = {isa = PBXBuildFile; fileRef = 5BF055C81647E0F300139213 /* light.frag.glsl */; };
		5BF055D11647E1F500139213 /* light.vert.glsl in CopyFiles */ = {isa = PBXBuildFile; fileRef = 5BF055C91647E0F300139213 /* light.vert.glsl */; };
		5BF055D21647E1F500139213 /* wood.ppm in CopyFiles */ = {isa = PBXBuildFile; fileRef = 5BF055CA1647E0F300139213 /* wood.ppm */; };
		5BF055D81647E36F00139213 /* CoreFoundation.framework in Frameworks */ = {isa = PBXBuildFile; fileRef = 5BF055D71647E36F00139213 /* CoreFoundation.framework */; };
/* End PBXBuildFile section */

/* Begin PBXCopyFilesBuildPhase section */
		5B9490941647D695009E1020 /* CopyFiles */ = {
			isa = PBXCopyFilesBuildPhase;
			buildActionMask = 12;
			dstPath = "";
			dstSubfolderSpec = 16;
			files = (
				5BF055D01647E1F500139213 /* light.frag.glsl in CopyFiles */,
				5BF055D11647E1F500139213 /* light.vert.glsl in CopyFiles */,
				5BF055D21647E1F500139213 /* wood.ppm in CopyFiles */,
				5B94909D1647D695009E1020 /* homework0.1 in CopyFiles */,
			);
			runOnlyForDeploymentPostprocessing = 0;
		};
/* End PBXCopyFilesBuildPhase section */

/* Begin PBXFileReference section */
		5B9490961647D695009E1020 /* homework0 */ = {isa = PBXFileReference; explicitFileType = "compiled.mach-o.executable"; includeInIndex = 0; path = homework0; sourceTree = BUILT_PRODUCTS_DIR; };
		5B94909C1647D695009E1020 /* homework0.1 */ = {isa = PBXFileReference; lastKnownFileType = text.man; path = homework0.1; sourceTree = "<group>"; };
		5B9490A31647D7A1009E1020 /* geometry3.h */ = {isa = PBXFileReference; fileEncoding = 4; lastKnownFileType = sourcecode.c.h; path = geometry3.h; sourceTree = "<group>"; };
		5B9490A51647D7A1009E1020 /* FreeImage.h */ = {isa = PBXFileReference; fileEncoding = 4; lastKnownFileType = sourcecode.c.h; path = FreeImage.h; sourceTree = "<group>"; };
		5B9490A71647D7A1009E1020 /* glew.h */ = {isa = PBXFileReference; fileEncoding = 4; lastKnownFileType = sourcecode.c.h; path = glew.h; sourceTree = "<group>"; };
		5B9490A81647D7A1009E1020 /* glxew.h */ = {isa = PBXFileReference; fileEncoding = 4; lastKnownFileType = sourcecode.c.h; path = glxew.h; sourceTree = "<group>"; };
		5B9490A91647D7A1009E1020 /* wglew.h */ = {isa = PBXFileReference; fileEncoding = 4; lastKnownFileType = sourcecode.c.h; path = wglew.h; sourceTree = "<group>"; };
		5B9490AC1647D7A1009E1020 /* libfreeimage.a */ = {isa = PBXFileReference; lastKnownFileType = archive.ar; path = libfreeimage.a; sourceTree = "<group>"; };
		5B9490AD1647D7A1009E1020 /* libGLEW.a */ = {isa = PBXFileReference; lastKnownFileType = archive.ar; path = libGLEW.a; sourceTree = "<group>"; };
		5B9490AE1647D7A1009E1020 /* main.cpp */ = {isa = PBXFileReference; fileEncoding = 4; lastKnownFileType = sourcecode.cpp.cpp; path = main.cpp; sourceTree = "<group>"; };
		5B9490AF1647D7A1009E1020 /* shaders.cpp */ = {isa = PBXFileReference; fileEncoding = 4; lastKnownFileType = sourcecode.cpp.cpp; path = shaders.cpp; sourceTree = "<group>"; };
		5B9490B01647D7A1009E1020 /* shaders.h */ = {isa = PBXFileReference; fileEncoding = 4; lastKnownFileType = sourcecode.c.h; path = shaders.h; sourceTree = "<group>"; };
		5B9490B51647DE73009E1020 /* OpenGL.framework */ = {isa = PBXFileReference; lastKnownFileType = wrapper.framework; name = OpenGL.framework; path = System/Library/Frameworks/OpenGL.framework; sourceTree = SDKROOT; };
		5B9490B71647DE77009E1020 /* GLUT.framework */ = {isa = PBXFileReference; lastKnownFileType = wrapper.framework; name = GLUT.framework; path = System/Library/Frameworks/GLUT.framework; sourceTree = SDKROOT; };
		5B9490BB1647DFCD009E1020 /* GLKit.framework */ = {isa = PBXFileReference; lastKnownFileType = wrapper.framework; name = GLKit.framework; path = System/Library/Frameworks/GLKit.framework; sourceTree = SDKROOT; };
		5B9490BE1647E002009E1020 /* libstdc++.6.0.9.dylib */ = {isa = PBXFileReference; lastKnownFileType = "compiled.mach-o.dylib"; name = "libstdc++.6.0.9.dylib"; path = "usr/lib/libstdc++.6.0.9.dylib"; sourceTree = SDKROOT; };
		5BF055C81647E0F300139213 /* light.frag.glsl */ = {isa = PBXFileReference; explicitFileType = sourcecode.glsl; fileEncoding = 4; path = light.frag.glsl; sourceTree = "<group>"; };
		5BF055C91647E0F300139213 /* light.vert.glsl */ = {isa = PBXFileReference; explicitFileType = sourcecode.glsl; fileEncoding = 4; path = light.vert.glsl; sourceTree = "<group>"; };
		5BF055CA1647E0F300139213 /* wood.ppm */ = {isa = PBXFileReference; lastKnownFileType = file; path = wood.ppm; sourceTree = "<group>"; };
		5BF055D71647E36F00139213 /* CoreFoundation.framework */ = {isa = PBXFileReference; lastKnownFileType = wrapper.framework; name = CoreFoundation.framework; path = System/Library/Frameworks/CoreFoundation.framework; sourceTree = SDKROOT; };
/* End PBXFileReference section */

/* Begin PBXFrameworksBuildPhase section */
		5B9490931647D695009E1020 /* Frameworks */ = {
			isa = PBXFrameworksBuildPhase;
			buildActionMask = 2147483647;
			files = (
				5BF055D81647E36F00139213 /* CoreFoundation.framework in Frameworks */,
				5B9490BF1647E002009E1020 /* libstdc++.6.0.9.dylib in Frameworks */,
				5B9490BD1647DFDA009E1020 /* GLUT.framework in Frameworks */,
				5B9490B61647DE73009E1020 /* OpenGL.framework in Frameworks */,
				5B9490B11647D7A1009E1020 /* libfreeimage.a in Frameworks */,
				5B9490B21647D7A2009E1020 /* libGLEW.a in Frameworks */,
			);
			runOnlyForDeploymentPostprocessing = 0;
		};
/* End PBXFrameworksBuildPhase section */

/* Begin PBXGroup section */
		5B94908B1647D695009E1020 = {
			isa = PBXGroup;
			children = (
				5BF055DD1647E51D00139213 /* Frameworks */,
				5B9490991647D695009E1020 /* homework0 */,
				5BF055CC1647E11900139213 /* Resources */,
				5B9490971647D695009E1020 /* Products */,
			);
			sourceTree = "<group>";
		};
		5B9490971647D695009E1020 /* Products */ = {
			isa = PBXGroup;
			children = (
				5B9490961647D695009E1020 /* homework0 */,
			);
			name = Products;
			sourceTree = "<group>";
		};
		5B9490991647D695009E1020 /* homework0 */ = {
			isa = PBXGroup;
			children = (
				5B9490A31647D7A1009E1020 /* geometry3.h */,
				5B9490A41647D7A1009E1020 /* include */,
				5B9490AE1647D7A1009E1020 /* main.cpp */,
				5B9490AF1647D7A1009E1020 /* shaders.cpp */,
				5B9490B01647D7A1009E1020 /* shaders.h */,
				5B94909C1647D695009E1020 /* homework0.1 */,
			);
			path = homework0;
			sourceTree = "<group>";
		};
		5B9490A41647D7A1009E1020 /* include */ = {
			isa = PBXGroup;
			children = (
				5B9490A51647D7A1009E1020 /* FreeImage.h */,
				5B9490A61647D7A1009E1020 /* GL */,
			);
			path = include;
			sourceTree = "<group>";
		};
		5B9490A61647D7A1009E1020 /* GL */ = {
			isa = PBXGroup;
			children = (
				5B9490A71647D7A1009E1020 /* glew.h */,
				5B9490A81647D7A1009E1020 /* glxew.h */,
				5B9490A91647D7A1009E1020 /* wglew.h */,
			);
			path = GL;
			sourceTree = "<group>";
		};
		5B9490AA1647D7A1009E1020 /* lib */ = {
			isa = PBXGroup;
			children = (
				5B9490AB1647D7A1009E1020 /* mac */,
			);
			name = lib;
			path = homework0/lib;
			sourceTree = "<group>";
		};
		5B9490AB1647D7A1009E1020 /* mac */ = {
			isa = PBXGroup;
			children = (
				5B9490AC1647D7A1009E1020 /* libfreeimage.a */,
				5B9490AD1647D7A1009E1020 /* libGLEW.a */,
			);
			path = mac;
			sourceTree = "<group>";
		};
		5BF055C51647E0F300139213 /* shaders */ = {
			isa = PBXGroup;
			children = (
				5BF055C81647E0F300139213 /* light.frag.glsl */,
				5BF055C91647E0F300139213 /* light.vert.glsl */,
			);
			path = shaders;
			sourceTree = "<group>";
		};
		5BF055CC1647E11900139213 /* Resources */ = {
			isa = PBXGroup;
			children = (
				5BF055C51647E0F300139213 /* shaders */,
				5BF055CA1647E0F300139213 /* wood.ppm */,
			);
			name = Resources;
			path = homework0;
			sourceTree = "<group>";
		};
		5BF055DD1647E51D00139213 /* Frameworks */ = {
			isa = PBXGroup;
			children = (
				5B9490AA1647D7A1009E1020 /* lib */,
				5BF055D71647E36F00139213 /* CoreFoundation.framework */,
				5B9490BE1647E002009E1020 /* libstdc++.6.0.9.dylib */,
				5B9490BB1647DFCD009E1020 /* GLKit.framework */,
				5B9490B71647DE77009E1020 /* GLUT.framework */,
				5B9490B51647DE73009E1020 /* OpenGL.framework */,
			);
			name = Frameworks;
			sourceTree = "<group>";
		};
/* End PBXGroup section */

/* Begin PBXNativeTarget section */
		5B9490951647D695009E1020 /* homework0 */ = {
			isa = PBXNativeTarget;
			buildConfigurationList = 5B9490A01647D695009E1020 /* Build configuration list for PBXNativeTarget "homework0" */;
			buildPhases = (
				5B9490921647D695009E1020 /* Sources */,
				5B9490931647D695009E1020 /* Frameworks */,
				5B9490941647D695009E1020 /* CopyFiles */,
			);
			buildRules = (
			);
			dependencies = (
			);
			name = homework0;
			productName = homework0;
			productReference = 5B9490961647D695009E1020 /* homework0 */;
			productType = "com.apple.product-type.tool";
		};
/* End PBXNativeTarget section */

/* Begin PBXProject section */
		5B94908D1647D695009E1020 /* Project object */ = {
			isa = PBXProject;
			attributes = {
				LastUpgradeCheck = 0450;
			};
			buildConfigurationList = 5B9490901647D695009E1020 /* Build configuration list for PBXProject "homework0" */;
			compatibilityVersion = "Xcode 3.2";
			developmentRegion = English;
			hasScannedForEncodings = 0;
			knownRegions = (
				en,
			);
			mainGroup = 5B94908B1647D695009E1020;
			productRefGroup = 5B9490971647D695009E1020 /* Products */;
			projectDirPath = "";
			projectRoot = "";
			targets = (
				5B9490951647D695009E1020 /* homework0 */,
			);
		};
/* End PBXProject section */

/* Begin PBXSourcesBuildPhase section */
		5B9490921647D695009E1020 /* Sources */ = {
			isa = PBXSourcesBuildPhase;
			buildActionMask = 2147483647;
			files = (
				5B9490B31647D7A2009E1020 /* main.cpp in Sources */,
				5B9490B41647D7A2009E1020 /* shaders.cpp in Sources */,
			);
			runOnlyForDeploymentPostprocessing = 0;
		};
/* End PBXSourcesBuildPhase section */

/* Begin XCBuildConfiguration section */
		5B94909E1647D695009E1020 /* Debug */ = {
			isa = XCBuildConfiguration;
			buildSettings = {
				ALWAYS_SEARCH_USER_PATHS = NO;
				ARCHS = "$(ARCHS_STANDARD_64_BIT)";
				CLANG_CXX_LANGUAGE_STANDARD = "gnu++0x";
				CLANG_CXX_LIBRARY = "libc++";
				CLANG_WARN_EMPTY_BODY = YES;
				CLANG_WARN__DUPLICATE_METHOD_MATCH = YES;
				COPY_PHASE_STRIP = NO;
				GCC_C_LANGUAGE_STANDARD = gnu99;
				GCC_DYNAMIC_NO_PIC = NO;
				GCC_ENABLE_OBJC_EXCEPTIONS = YES;
				GCC_OPTIMIZATION_LEVEL = 0;
				GCC_PREPROCESSOR_DEFINITIONS = (
					"DEBUG=1",
					"$(inherited)",
				);
				GCC_SYMBOLS_PRIVATE_EXTERN = NO;
				GCC_WARN_64_TO_32_BIT_CONVERSION = YES;
				GCC_WARN_ABOUT_RETURN_TYPE = YES;
				GCC_WARN_UNINITIALIZED_AUTOS = YES;
				GCC_WARN_UNUSED_VARIABLE = YES;
				MACOSX_DEPLOYMENT_TARGET = 10.7;
				ONLY_ACTIVE_ARCH = YES;
				SDKROOT = macosx;
			};
			name = Debug;
		};
		5B94909F1647D695009E1020 /* Release */ = {
			isa = XCBuildConfiguration;
			buildSettings = {
				ALWAYS_SEARCH_USER_PATHS = NO;
				ARCHS = "$(ARCHS_STANDARD_64_BIT)";
				CLANG_CXX_LANGUAGE_STANDARD = "gnu++0x";
				CLANG_CXX_LIBRARY = "libc++";
				CLANG_WARN_EMPTY_BODY = YES;
				CLANG_WARN__DUPLICATE_METHOD_MATCH = YES;
				COPY_PHASE_STRIP = YES;
				DEBUG_INFORMATION_FORMAT = "dwarf-with-dsym";
				GCC_C_LANGUAGE_STANDARD = gnu99;
				GCC_ENABLE_OBJC_EXCEPTIONS = YES;
				GCC_WARN_64_TO_32_BIT_CONVERSION = YES;
				GCC_WARN_ABOUT_RETURN_TYPE = YES;
				GCC_WARN_UNINITIALIZED_AUTOS = YES;
				GCC_WARN_UNUSED_VARIABLE = YES;
				MACOSX_DEPLOYMENT_TARGET = 10.7;
				SDKROOT = macosx;
			};
			name = Release;
		};
		5B9490A11647D695009E1020 /* Debug */ = {
			isa = XCBuildConfiguration;
			buildSettings = {
				GCC_PREPROCESSOR_DEFINITIONS = (
					"DEBUG=1",
					"$(inherited)",
					"APPLE=1",
				);
				INSTALL_PATH = "";
				LIBRARY_SEARCH_PATHS = (
					"$(inherited)",
					"\"$(SRCROOT)/homework0/lib/mac\"",
				);
				OTHER_CPLUSPLUSFLAGS = "$(OTHER_CFLAGS)";
				PRODUCT_NAME = "$(TARGET_NAME)";
			};
			name = Debug;
		};
		5B9490A21647D695009E1020 /* Release */ = {
			isa = XCBuildConfiguration;
			buildSettings = {
				GCC_PREPROCESSOR_DEFINITIONS = "APPLE=1";
				INSTALL_PATH = "";
				LIBRARY_SEARCH_PATHS = (
					"$(inherited)",
					"\"$(SRCROOT)/homework0/lib/mac\"",
				);
				OTHER_CPLUSPLUSFLAGS = "$(OTHER_CFLAGS)";
				PRODUCT_NAME = "$(TARGET_NAME)";
			};
			name = Release;
		};
/* End XCBuildConfiguration section */

/* Begin XCConfigurationList section */
		5B9490901647D695009E1020 /* Build configuration list for PBXProject "homework0" */ = {
			isa = XCConfigurationList;
			buildConfigurations = (
				5B94909E1647D695009E1020 /* Debug */,
				5B94909F1647D695009E1020 /* Release */,
			);
			defaultConfigurationIsVisible = 0;
			defaultConfigurationName = Release;
		};
		5B9490A01647D695009E1020 /* Build configuration list for PBXNativeTarget "homework0" */ = {
			isa = XCConfigurationList;
			buildConfigurations = (
				5B9490A11647D695009E1020 /* Debug */,
				5B9490A21647D695009E1020 /* Release */,
			);
			defaultConfigurationIsVisible = 0;
			defaultConfigurationName = Release;
		};
/* End XCConfigurationList section */
	};
	rootObject = 5B94908D1647D695009E1020 /* Project object */;
}
